# This file is automatically @generated by Cargo.
# It is not intended for manual editing.
version = 3

[[package]]
name = "Reflow"
version = "0.1.0"
dependencies = [
 "bitreader",
 "ux",
]

[[package]]
name = "bitreader"
version = "0.3.4"
source = "registry+https://github.com/rust-lang/crates.io-index"
checksum = "9178181a7d44239c6c8eaafa8688558a2ab5fa04b8855381f2681e9591fb941b"
dependencies = [
 "cfg-if",
]

[[package]]
name = "cfg-if"
version = "1.0.0"
source = "registry+https://github.com/rust-lang/crates.io-index"
checksum = "baf1de4339761588bc0619e3cbc0120ee582ebb74b53b4efbf79117bd2da40fd"

[[package]]
name = "ux"
version = "0.1.3"
source = "registry+https://github.com/rust-lang/crates.io-index"
checksum = "88dfeb711b61ce620c0cb6fd9f8e3e678622f0c971da2a63c4b3e25e88ed012f"
