# This file is automatically @generated by Cargo.
# It is not intended for manual editing.
version = 3

[[package]]
name = "Reflow"
version = "0.1.0"
dependencies = [
 "simple-bytes",
 "ux",
]

[[package]]
name = "simple-bytes"
version = "0.2.7"
source = "registry+https://github.com/rust-lang/crates.io-index"
checksum = "f6e1e9ae8286717cd63707924ea5e2b434510954055cfdc92c4c7c242edac512"

[[package]]
name = "ux"
version = "0.1.3"
source = "registry+https://github.com/rust-lang/crates.io-index"
checksum = "88dfeb711b61ce620c0cb6fd9f8e3e678622f0c971da2a63c4b3e25e88ed012f"
